
Microsoft Visual Studio Solution File, Format Version 12.00
# Visual Studio Version 17
VisualStudioVersion = 17.13.35931.197
MinimumVisualStudioVersion = 10.0.40219.1
Project("{FAE04EC0-301F-11D3-BF4B-00C04F79EFBC}") = "SERVIDOR", "EXEMPLO_02_SERVER\SERVIDOR.csproj", "{652F2859-5D66-4322-A806-2F40F706C2CE}"
EndProject
Project("{FAE04EC0-301F-11D3-BF4B-00C04F79EFBC}") = "CLIENTE", "EXEMPLO_02_CLIENT\CLIENTE.csproj", "{6A84E4EF-A048-438A-912B-3586C783D8E6}"
EndProject
Project("{FAE04EC0-301F-11D3-BF4B-00C04F79EFBC}") = "FormsEntrega2", "..\FormsEntrega2\FormsEntrega2.csproj", "{87D60BB6-CF6A-67C2-EF5C-3CB55571755F}"
EndProject
Global
	GlobalSection(SolutionConfigurationPlatforms) = preSolution
		Debug|Any CPU = Debug|Any CPU
		Release|Any CPU = Release|Any CPU
	EndGlobalSection
	GlobalSection(ProjectConfigurationPlatforms) = postSolution
		{652F2859-5D66-4322-A806-2F40F706C2CE}.Debug|Any CPU.ActiveCfg = Debug|Any CPU
		{652F2859-5D66-4322-A806-2F40F706C2CE}.Debug|Any CPU.Build.0 = Debug|Any CPU
		{652F2859-5D66-4322-A806-2F40F706C2CE}.Release|Any CPU.ActiveCfg = Release|Any CPU
		{652F2859-5D66-4322-A806-2F40F706C2CE}.Release|Any CPU.Build.0 = Release|Any CPU
		{6A84E4EF-A048-438A-912B-3586C783D8E6}.Debug|Any CPU.ActiveCfg = Debug|Any CPU
		{6A84E4EF-A048-438A-912B-3586C783D8E6}.Debug|Any CPU.Build.0 = Debug|Any CPU
		{6A84E4EF-A048-438A-912B-3586C783D8E6}.Release|Any CPU.ActiveCfg = Release|Any CPU
		{6A84E4EF-A048-438A-912B-3586C783D8E6}.Release|Any CPU.Build.0 = Release|Any CPU
		{87D60BB6-CF6A-67C2-EF5C-3CB55571755F}.Debug|Any CPU.ActiveCfg = Debug|Any CPU
		{87D60BB6-CF6A-67C2-EF5C-3CB55571755F}.Debug|Any CPU.Build.0 = Debug|Any CPU
		{87D60BB6-CF6A-67C2-EF5C-3CB55571755F}.Release|Any CPU.ActiveCfg = Release|Any CPU
		{87D60BB6-CF6A-67C2-EF5C-3CB55571755F}.Release|Any CPU.Build.0 = Release|Any CPU
	EndGlobalSection
	GlobalSection(SolutionProperties) = preSolution
		HideSolutionNode = FALSE
	EndGlobalSection
	GlobalSection(ExtensibilityGlobals) = postSolution
		SolutionGuid = {B7483C3A-4450-488B-B933-60198DB58696}
	EndGlobalSection
EndGlobal
